
Microsoft Visual Studio Solution File, Format Version 12.00
# Visual Studio Version 17
VisualStudioVersion = 17.2.32526.322
MinimumVisualStudioVersion = 10.0.40219.1
Project("{FAE04EC0-301F-11D3-BF4B-00C04F79EFBC}") = "Week 4", "Week 4.csproj", "{FACCF764-B9B9-4241-B886-3D7E10529FEF}"
EndProject
Global
	GlobalSection(SolutionConfigurationPlatforms) = preSolution
		Debug|Any CPU = Debug|Any CPU
		Release|Any CPU = Release|Any CPU
	EndGlobalSection
	GlobalSection(ProjectConfigurationPlatforms) = postSolution
		{FACCF764-B9B9-4241-B886-3D7E10529FEF}.Debug|Any CPU.ActiveCfg = Debug|Any CPU
		{FACCF764-B9B9-4241-B886-3D7E10529FEF}.Debug|Any CPU.Build.0 = Debug|Any CPU
		{FACCF764-B9B9-4241-B886-3D7E10529FEF}.Release|Any CPU.ActiveCfg = Release|Any CPU
		{FACCF764-B9B9-4241-B886-3D7E10529FEF}.Release|Any CPU.Build.0 = Release|Any CPU
	EndGlobalSection
	GlobalSection(SolutionProperties) = preSolution
		HideSolutionNode = FALSE
	EndGlobalSection
	GlobalSection(ExtensibilityGlobals) = postSolution
		SolutionGuid = {AADBB421-F530-4AC1-B935-D5C5ED45A245}
	EndGlobalSection
EndGlobal
